// !$*UTF8*$!
{
	archiveVersion = 1;
	classes = {
	};
	objectVersion = 50;
	objects = {

/* Begin PBXBuildFile section */
		CCCBB11822EC4C7E00FC864D /* VideoCell.swift in Sources */ = {isa = PBXBuildFile; fileRef = CCCBB11722EC4C7E00FC864D /* VideoCell.swift */; };
		CCCBB11F22ED88B400FC864D /* Video.swift in Sources */ = {isa = PBXBuildFile; fileRef = CCCBB11E22ED88B400FC864D /* Video.swift */; };
		CCCBB12122ED8C3B00FC864D /* Channel.swift in Sources */ = {isa = PBXBuildFile; fileRef = CCCBB12022ED8C3B00FC864D /* Channel.swift */; };
		CCDAC05422EAB953003AAF9B /* AppDelegate.swift in Sources */ = {isa = PBXBuildFile; fileRef = CCDAC05322EAB953003AAF9B /* AppDelegate.swift */; };
		CCDAC05622EAB953003AAF9B /* HomeController.swift in Sources */ = {isa = PBXBuildFile; fileRef = CCDAC05522EAB953003AAF9B /* HomeController.swift */; };
		CCDAC05922EAB953003AAF9B /* Main.storyboard in Resources */ = {isa = PBXBuildFile; fileRef = CCDAC05722EAB953003AAF9B /* Main.storyboard */; };
		CCDAC05B22EAB955003AAF9B /* Assets.xcassets in Resources */ = {isa = PBXBuildFile; fileRef = CCDAC05A22EAB955003AAF9B /* Assets.xcassets */; };
		CCDAC05E22EAB955003AAF9B /* LaunchScreen.storyboard in Resources */ = {isa = PBXBuildFile; fileRef = CCDAC05C22EAB955003AAF9B /* LaunchScreen.storyboard */; };
/* End PBXBuildFile section */

/* Begin PBXFileReference section */
		CCCBB11722EC4C7E00FC864D /* VideoCell.swift */ = {isa = PBXFileReference; lastKnownFileType = sourcecode.swift; path = VideoCell.swift; sourceTree = "<group>"; };
		CCCBB11E22ED88B400FC864D /* Video.swift */ = {isa = PBXFileReference; lastKnownFileType = sourcecode.swift; path = Video.swift; sourceTree = "<group>"; };
		CCCBB12022ED8C3B00FC864D /* Channel.swift */ = {isa = PBXFileReference; lastKnownFileType = sourcecode.swift; path = Channel.swift; sourceTree = "<group>"; };
		CCDAC05022EAB953003AAF9B /* wantube.app */ = {isa = PBXFileReference; explicitFileType = wrapper.application; includeInIndex = 0; path = wantube.app; sourceTree = BUILT_PRODUCTS_DIR; };
		CCDAC05322EAB953003AAF9B /* AppDelegate.swift */ = {isa = PBXFileReference; lastKnownFileType = sourcecode.swift; path = AppDelegate.swift; sourceTree = "<group>"; };
		CCDAC05522EAB953003AAF9B /* HomeController.swift */ = {isa = PBXFileReference; lastKnownFileType = sourcecode.swift; path = HomeController.swift; sourceTree = "<group>"; };
		CCDAC05822EAB953003AAF9B /* Base */ = {isa = PBXFileReference; lastKnownFileType = file.storyboard; name = Base; path = Base.lproj/Main.storyboard; sourceTree = "<group>"; };
		CCDAC05A22EAB955003AAF9B /* Assets.xcassets */ = {isa = PBXFileReference; lastKnownFileType = folder.assetcatalog; path = Assets.xcassets; sourceTree = "<group>"; };
		CCDAC05D22EAB955003AAF9B /* Base */ = {isa = PBXFileReference; lastKnownFileType = file.storyboard; name = Base; path = Base.lproj/LaunchScreen.storyboard; sourceTree = "<group>"; };
		CCDAC05F22EAB955003AAF9B /* Info.plist */ = {isa = PBXFileReference; lastKnownFileType = text.plist.xml; path = Info.plist; sourceTree = "<group>"; };
/* End PBXFileReference section */

/* Begin PBXFrameworksBuildPhase section */
		CCDAC04D22EAB953003AAF9B /* Frameworks */ = {
			isa = PBXFrameworksBuildPhase;
			buildActionMask = 2147483647;
			files = (
			);
			runOnlyForDeploymentPostprocessing = 0;
		};
/* End PBXFrameworksBuildPhase section */

/* Begin PBXGroup section */
		CCCBB11922ED884E00FC864D /* Model */ = {
			isa = PBXGroup;
			children = (
				CCCBB11E22ED88B400FC864D /* Video.swift */,
				CCCBB12022ED8C3B00FC864D /* Channel.swift */,
			);
			path = Model;
			sourceTree = "<group>";
		};
		CCCBB11A22ED885500FC864D /* View */ = {
			isa = PBXGroup;
			children = (
				CCCBB11722EC4C7E00FC864D /* VideoCell.swift */,
			);
			path = View;
			sourceTree = "<group>";
		};
		CCCBB11B22ED885A00FC864D /* Controller */ = {
			isa = PBXGroup;
			children = (
				CCDAC05522EAB953003AAF9B /* HomeController.swift */,
			);
			path = Controller;
			sourceTree = "<group>";
		};
		CCDAC04722EAB953003AAF9B = {
			isa = PBXGroup;
			children = (
				CCDAC05222EAB953003AAF9B /* wantube */,
				CCDAC05122EAB953003AAF9B /* Products */,
			);
			sourceTree = "<group>";
		};
		CCDAC05122EAB953003AAF9B /* Products */ = {
			isa = PBXGroup;
			children = (
				CCDAC05022EAB953003AAF9B /* wantube.app */,
			);
			name = Products;
			sourceTree = "<group>";
		};
		CCDAC05222EAB953003AAF9B /* wantube */ = {
			isa = PBXGroup;
			children = (
				CCCBB11922ED884E00FC864D /* Model */,
				CCCBB11A22ED885500FC864D /* View */,
				CCCBB11B22ED885A00FC864D /* Controller */,
				CCDAC05322EAB953003AAF9B /* AppDelegate.swift */,
				CCDAC05722EAB953003AAF9B /* Main.storyboard */,
				CCDAC05A22EAB955003AAF9B /* Assets.xcassets */,
				CCDAC05C22EAB955003AAF9B /* LaunchScreen.storyboard */,
				CCDAC05F22EAB955003AAF9B /* Info.plist */,
			);
			path = wantube;
			sourceTree = "<group>";
		};
/* End PBXGroup section */

/* Begin PBXNativeTarget section */
		CCDAC04F22EAB953003AAF9B /* wantube */ = {
			isa = PBXNativeTarget;
			buildConfigurationList = CCDAC06222EAB955003AAF9B /* Build configuration list for PBXNativeTarget "wantube" */;
			buildPhases = (
				CCDAC04C22EAB953003AAF9B /* Sources */,
				CCDAC04D22EAB953003AAF9B /* Frameworks */,
				CCDAC04E22EAB953003AAF9B /* Resources */,
			);
			buildRules = (
			);
			dependencies = (
			);
			name = wantube;
			productName = wantube;
			productReference = CCDAC05022EAB953003AAF9B /* wantube.app */;
			productType = "com.apple.product-type.application";
		};
/* End PBXNativeTarget section */

/* Begin PBXProject section */
		CCDAC04822EAB953003AAF9B /* Project object */ = {
			isa = PBXProject;
			attributes = {
				LastSwiftUpdateCheck = 1030;
				LastUpgradeCheck = 1030;
				ORGANIZATIONNAME = Yongwan;
				TargetAttributes = {
					CCDAC04F22EAB953003AAF9B = {
						CreatedOnToolsVersion = 10.3;
					};
				};
			};
			buildConfigurationList = CCDAC04B22EAB953003AAF9B /* Build configuration list for PBXProject "wantube" */;
			compatibilityVersion = "Xcode 9.3";
			developmentRegion = en;
			hasScannedForEncodings = 0;
			knownRegions = (
				en,
				Base,
			);
			mainGroup = CCDAC04722EAB953003AAF9B;
			productRefGroup = CCDAC05122EAB953003AAF9B /* Products */;
			projectDirPath = "";
			projectRoot = "";
			targets = (
				CCDAC04F22EAB953003AAF9B /* wantube */,
			);
		};
/* End PBXProject section */

/* Begin PBXResourcesBuildPhase section */
		CCDAC04E22EAB953003AAF9B /* Resources */ = {
			isa = PBXResourcesBuildPhase;
			buildActionMask = 2147483647;
			files = (
				CCDAC05E22EAB955003AAF9B /* LaunchScreen.storyboard in Resources */,
				CCDAC05B22EAB955003AAF9B /* Assets.xcassets in Resources */,
				CCDAC05922EAB953003AAF9B /* Main.storyboard in Resources */,
			);
			runOnlyForDeploymentPostprocessing = 0;
		};
/* End PBXResourcesBuildPhase section */

/* Begin PBXSourcesBuildPhase section */
		CCDAC04C22EAB953003AAF9B /* Sources */ = {
			isa = PBXSourcesBuildPhase;
			buildActionMask = 2147483647;
			files = (
				CCDAC05622EAB953003AAF9B /* HomeController.swift in Sources */,
				CCCBB12122ED8C3B00FC864D /* Channel.swift in Sources */,
				CCCBB11F22ED88B400FC864D /* Video.swift in Sources */,
				CCDAC05422EAB953003AAF9B /* AppDelegate.swift in Sources */,
				CCCBB11822EC4C7E00FC864D /* VideoCell.swift in Sources */,
			);
			runOnlyForDeploymentPostprocessing = 0;
		};
/* End PBXSourcesBuildPhase section */

/* Begin PBXVariantGroup section */
		CCDAC05722EAB953003AAF9B /* Main.storyboard */ = {
			isa = PBXVariantGroup;
			children = (
				CCDAC05822EAB953003AAF9B /* Base */,
			);
			name = Main.storyboard;
			sourceTree = "<group>";
		};
		CCDAC05C22EAB955003AAF9B /* LaunchScreen.storyboard */ = {
			isa = PBXVariantGroup;
			children = (
				CCDAC05D22EAB955003AAF9B /* Base */,
			);
			name = LaunchScreen.storyboard;
			sourceTree = "<group>";
		};
/* End PBXVariantGroup section */

/* Begin XCBuildConfiguration section */
		CCDAC06022EAB955003AAF9B /* Debug */ = {
			isa = XCBuildConfiguration;
			buildSettings = {
				ALWAYS_SEARCH_USER_PATHS = NO;
				CLANG_ANALYZER_NONNULL = YES;
				CLANG_ANALYZER_NUMBER_OBJECT_CONVERSION = YES_AGGRESSIVE;
				CLANG_CXX_LANGUAGE_STANDARD = "gnu++14";
				CLANG_CXX_LIBRARY = "libc++";
				CLANG_ENABLE_MODULES = YES;
				CLANG_ENABLE_OBJC_ARC = YES;
				CLANG_ENABLE_OBJC_WEAK = YES;
				CLANG_WARN_BLOCK_CAPTURE_AUTORELEASING = YES;
				CLANG_WARN_BOOL_CONVERSION = YES;
				CLANG_WARN_COMMA = YES;
				CLANG_WARN_CONSTANT_CONVERSION = YES;
				CLANG_WARN_DEPRECATED_OBJC_IMPLEMENTATIONS = YES;
				CLANG_WARN_DIRECT_OBJC_ISA_USAGE = YES_ERROR;
				CLANG_WARN_DOCUMENTATION_COMMENTS = YES;
				CLANG_WARN_EMPTY_BODY = YES;
				CLANG_WARN_ENUM_CONVERSION = YES;
				CLANG_WARN_INFINITE_RECURSION = YES;
				CLANG_WARN_INT_CONVERSION = YES;
				CLANG_WARN_NON_LITERAL_NULL_CONVERSION = YES;
				CLANG_WARN_OBJC_IMPLICIT_RETAIN_SELF = YES;
				CLANG_WARN_OBJC_LITERAL_CONVERSION = YES;
				CLANG_WARN_OBJC_ROOT_CLASS = YES_ERROR;
				CLANG_WARN_RANGE_LOOP_ANALYSIS = YES;
				CLANG_WARN_STRICT_PROTOTYPES = YES;
				CLANG_WARN_SUSPICIOUS_MOVE = YES;
				CLANG_WARN_UNGUARDED_AVAILABILITY = YES_AGGRESSIVE;
				CLANG_WARN_UNREACHABLE_CODE = YES;
				CLANG_WARN__DUPLICATE_METHOD_MATCH = YES;
				CODE_SIGN_IDENTITY = "iPhone Developer";
				COPY_PHASE_STRIP = NO;
				DEBUG_INFORMATION_FORMAT = dwarf;
				ENABLE_STRICT_OBJC_MSGSEND = YES;
				ENABLE_TESTABILITY = YES;
				GCC_C_LANGUAGE_STANDARD = gnu11;
				GCC_DYNAMIC_NO_PIC = NO;
				GCC_NO_COMMON_BLOCKS = YES;
				GCC_OPTIMIZATION_LEVEL = 0;
				GCC_PREPROCESSOR_DEFINITIONS = (
					"DEBUG=1",
					"$(inherited)",
				);
				GCC_WARN_64_TO_32_BIT_CONVERSION = YES;
				GCC_WARN_ABOUT_RETURN_TYPE = YES_ERROR;
				GCC_WARN_UNDECLARED_SELECTOR = YES;
				GCC_WARN_UNINITIALIZED_AUTOS = YES_AGGRESSIVE;
				GCC_WARN_UNUSED_FUNCTION = YES;
				GCC_WARN_UNUSED_VARIABLE = YES;
				IPHONEOS_DEPLOYMENT_TARGET = 12.4;
				MTL_ENABLE_DEBUG_INFO = INCLUDE_SOURCE;
				MTL_FAST_MATH = YES;
				ONLY_ACTIVE_ARCH = YES;
				SDKROOT = iphoneos;
				SWIFT_ACTIVE_COMPILATION_CONDITIONS = DEBUG;
				SWIFT_OPTIMIZATION_LEVEL = "-Onone";
			};
			name = Debug;
		};
		CCDAC06122EAB955003AAF9B /* Release */ = {
			isa = XCBuildConfiguration;
			buildSettings = {
				ALWAYS_SEARCH_USER_PATHS = NO;
				CLANG_ANALYZER_NONNULL = YES;
				CLANG_ANALYZER_NUMBER_OBJECT_CONVERSION = YES_AGGRESSIVE;
				CLANG_CXX_LANGUAGE_STANDARD = "gnu++14";
				CLANG_CXX_LIBRARY = "libc++";
				CLANG_ENABLE_MODULES = YES;
				CLANG_ENABLE_OBJC_ARC = YES;
				CLANG_ENABLE_OBJC_WEAK = YES;
				CLANG_WARN_BLOCK_CAPTURE_AUTORELEASING = YES;
				CLANG_WARN_BOOL_CONVERSION = YES;
				CLANG_WARN_COMMA = YES;
				CLANG_WARN_CONSTANT_CONVERSION = YES;
				CLANG_WARN_DEPRECATED_OBJC_IMPLEMENTATIONS = YES;
				CLANG_WARN_DIRECT_OBJC_ISA_USAGE = YES_ERROR;
				CLANG_WARN_DOCUMENTATION_COMMENTS = YES;
				CLANG_WARN_EMPTY_BODY = YES;
				CLANG_WARN_ENUM_CONVERSION = YES;
				CLANG_WARN_INFINITE_RECURSION = YES;
				CLANG_WARN_INT_CONVERSION = YES;
				CLANG_WARN_NON_LITERAL_NULL_CONVERSION = YES;
				CLANG_WARN_OBJC_IMPLICIT_RETAIN_SELF = YES;
				CLANG_WARN_OBJC_LITERAL_CONVERSION = YES;
				CLANG_WARN_OBJC_ROOT_CLASS = YES_ERROR;
				CLANG_WARN_RANGE_LOOP_ANALYSIS = YES;
				CLANG_WARN_STRICT_PROTOTYPES = YES;
				CLANG_WARN_SUSPICIOUS_MOVE = YES;
				CLANG_WARN_UNGUARDED_AVAILABILITY = YES_AGGRESSIVE;
				CLANG_WARN_UNREACHABLE_CODE = YES;
				CLANG_WARN__DUPLICATE_METHOD_MATCH = YES;
				CODE_SIGN_IDENTITY = "iPhone Developer";
				COPY_PHASE_STRIP = NO;
				DEBUG_INFORMATION_FORMAT = "dwarf-with-dsym";
				ENABLE_NS_ASSERTIONS = NO;
				ENABLE_STRICT_OBJC_MSGSEND = YES;
				GCC_C_LANGUAGE_STANDARD = gnu11;
				GCC_NO_COMMON_BLOCKS = YES;
				GCC_WARN_64_TO_32_BIT_CONVERSION = YES;
				GCC_WARN_ABOUT_RETURN_TYPE = YES_ERROR;
				GCC_WARN_UNDECLARED_SELECTOR = YES;
				GCC_WARN_UNINITIALIZED_AUTOS = YES_AGGRESSIVE;
				GCC_WARN_UNUSED_FUNCTION = YES;
				GCC_WARN_UNUSED_VARIABLE = YES;
				IPHONEOS_DEPLOYMENT_TARGET = 12.4;
				MTL_ENABLE_DEBUG_INFO = NO;
				MTL_FAST_MATH = YES;
				SDKROOT = iphoneos;
				SWIFT_COMPILATION_MODE = wholemodule;
				SWIFT_OPTIMIZATION_LEVEL = "-O";
				VALIDATE_PRODUCT = YES;
			};
			name = Release;
		};
		CCDAC06322EAB955003AAF9B /* Debug */ = {
			isa = XCBuildConfiguration;
			buildSettings = {
				ASSETCATALOG_COMPILER_APPICON_NAME = AppIcon;
				CODE_SIGN_STYLE = Automatic;
				DEVELOPMENT_TEAM = 6563S3NRTG;
				INFOPLIST_FILE = wantube/Info.plist;
				LD_RUNPATH_SEARCH_PATHS = (
					"$(inherited)",
					"@executable_path/Frameworks",
				);
				PRODUCT_BUNDLE_IDENTIFIER = net.wan.wantube;
				PRODUCT_NAME = "$(TARGET_NAME)";
				SWIFT_VERSION = 5.0;
				TARGETED_DEVICE_FAMILY = "1,2";
			};
			name = Debug;
		};
		CCDAC06422EAB955003AAF9B /* Release */ = {
			isa = XCBuildConfiguration;
			buildSettings = {
				ASSETCATALOG_COMPILER_APPICON_NAME = AppIcon;
				CODE_SIGN_STYLE = Automatic;
				DEVELOPMENT_TEAM = 6563S3NRTG;
				INFOPLIST_FILE = wantube/Info.plist;
				LD_RUNPATH_SEARCH_PATHS = (
					"$(inherited)",
					"@executable_path/Frameworks",
				);
				PRODUCT_BUNDLE_IDENTIFIER = net.wan.wantube;
				PRODUCT_NAME = "$(TARGET_NAME)";
				SWIFT_VERSION = 5.0;
				TARGETED_DEVICE_FAMILY = "1,2";
			};
			name = Release;
		};
/* End XCBuildConfiguration section */

/* Begin XCConfigurationList section */
		CCDAC04B22EAB953003AAF9B /* Build configuration list for PBXProject "wantube" */ = {
			isa = XCConfigurationList;
			buildConfigurations = (
				CCDAC06022EAB955003AAF9B /* Debug */,
				CCDAC06122EAB955003AAF9B /* Release */,
			);
			defaultConfigurationIsVisible = 0;
			defaultConfigurationName = Release;
		};
		CCDAC06222EAB955003AAF9B /* Build configuration list for PBXNativeTarget "wantube" */ = {
			isa = XCConfigurationList;
			buildConfigurations = (
				CCDAC06322EAB955003AAF9B /* Debug */,
				CCDAC06422EAB955003AAF9B /* Release */,
			);
			defaultConfigurationIsVisible = 0;
			defaultConfigurationName = Release;
		};
/* End XCConfigurationList section */
	};
	rootObject = CCDAC04822EAB953003AAF9B /* Project object */;
}
